<?xml version="1.0" encoding="utf-8"?>
<Project ToolsVersion="4.0" xmlns="http://schemas.microsoft.com/developer/msbuild/2003">
  <ItemGroup>
    <ClCompile Include="src/charsetdlg.cpp" />
    <ClCompile Include="src/color-style.cpp" />
    <ClCompile Include="src/dircalc.cpp" />
    <ClCompile Include="src/eloadsave.cpp" />
    <ClCompile Include="src/ext-app-win.cpp" />
    <ClCompile Include="src/globals.cpp" />
    <ClCompile Include="src/fileassociations.cpp" />
    <ClCompile Include="src/fileattributes.cpp" />
    <ClCompile Include="src/filehighlighting.cpp" />
    <ClCompile Include="src/fileopers.cpp" />
    <ClCompile Include="src/filesearch.cpp" />
    <ClCompile Include="src/ftplogon.cpp" />
    <ClCompile Include="src/help.cpp" />
    <ClCompile Include="src/helpres.cpp" />
    <ClCompile Include="src/ltext.cpp" />
    <ClCompile Include="src/nc.cpp" />
    <ClCompile Include="src/ncdialogs.cpp" />
    <ClCompile Include="src/ncedit.cpp" />
    <ClCompile Include="src/ncfonts.cpp" />
    <ClCompile Include="src/nchistory.cpp" />
    <ClCompile Include="src/ncview.cpp" />
    <ClCompile Include="src/ncwin.cpp" />
    <ClCompile Include="src/operthread.cpp" />
    <ClCompile Include="src/operwin.cpp" />
    <ClCompile Include="src/panel-style.cpp" />
    <ClCompile Include="src/panel.cpp" />
    <ClCompile Include="src/panel_list.cpp" />
    <ClCompile Include="src/search-dlg.cpp" />
    <ClCompile Include="src/search-tools.cpp" />
    <ClCompile Include="src/sftpdlg.cpp" />
    <ClCompile Include="src/shell-tools.cpp" />
    <ClCompile Include="src/shl.cpp" />
    <ClCompile Include="src/smblogon.cpp" />
    <ClCompile Include="src/stdafx.cpp" />
    <ClCompile Include="src/strconfig.cpp" />
    <ClCompile Include="src/string-util.cpp" />
    <ClCompile Include="src/swl\swl_button.cpp" />
    <ClCompile Include="src/swl\swl_editline.cpp" />
    <ClCompile Include="src/swl\swl_layout.cpp" />
    <ClCompile Include="src/swl\swl_menubox.cpp" />
    <ClCompile Include="src/swl\swl_menutextinfo.cpp" />
    <ClCompile Include="src/swl\swl_popupmenu.cpp" />
    <ClCompile Include="src/swl\swl_sbutton.cpp" />
    <ClCompile Include="src/swl\swl_scrollbar.cpp" />
    <ClCompile Include="src/swl\swl_staticlabel.cpp" />
    <ClCompile Include="src/swl\swl_textlist.cpp" />
    <ClCompile Include="src/swl\swl_vlist.cpp" />
    <ClCompile Include="src/swl\swl_winbase.cpp" />
    <ClCompile Include="src/swl\swl_wincore.cpp" />
    <ClCompile Include="src/swl\swl_wincoreMS.cpp" />
    <ClCompile Include="src/tcp_sock.cpp" />
    <ClCompile Include="src/termwin.cpp" />
    <ClCompile Include="src/toolbar.cpp" />
    <ClCompile Include="src/unicode_lc.cpp" />
    <ClCompile Include="src/vfs/vfs-ftp.cpp" />
    <ClCompile Include="src/vfs/vfs-sftp.cpp" />
    <ClCompile Include="src/vfs/vfs-sftp2.cpp" />
    <ClCompile Include="src/vfs/vfs-smb.cpp" />
    <ClCompile Include="src/vfs/vfs-uri.cpp" />
    <ClCompile Include="src/vfs/vfs.cpp" />
    <ClCompile Include="src/vfs/vfspath.cpp" />
    <ClCompile Include="src/vfs/vfs-tmp.cpp" />
    <ClCompile Include="src/w32cons.cpp" />
    <ClCompile Include="src/w32util.cpp" />
    <ClCompile Include="src/wal\wal.cpp" />
    <ClCompile Include="src/wal\wal_charset.cpp" />
    <ClCompile Include="src/wal\wal_exceptions.cpp" />
    <ClCompile Include="src/wal\wal_files.cpp" />
    <ClCompile Include="src/wal\wal_sys_api.cpp" />
    <ClCompile Include="src/wal\wal_tmpls.cpp" />
    <ClCompile Include="src/wcm-config.cpp" />
    <ClCompile Include="src/wal\IntrusivePtr.h" />
    <ClCompile Include="src/strmasks.cpp" />
    <ClCompile Include="src/dlg-ctrl-l.cpp" />
    <ClCompile Include="src/usermenu.cpp" />
    <ClCompile Include="src/swl\swl_combobox.cpp" />
    <ClCompile Include="src\urlparser\LUrlParser.cpp" />
    <ClCompile Include="src\folder-history.cpp" />
    <ClCompile Include="src\view-history.cpp" />
    <ClCompile Include="src\folder-shortcuts.cpp" />
    <ClCompile Include="src\drive-dlg.cpp" />
    <ClCompile Include="src\file-util.cpp" />
    <ClCompile Include="src\path-list.cpp" />
    <ClCompile Include="src\nceditline.cpp" />
  </ItemGroup>
  <ItemGroup>
    <ClInclude Include="src/charsetdlg.h" />
    <ClInclude Include="src/color-style.h" />
    <ClInclude Include="src/dircalc.h" />
    <ClInclude Include="src/dlg-ctrl-l.h" />
    <ClInclude Include="src/eloadsave.h" />
    <ClInclude Include="src/ext-app.h" />
    <ClInclude Include="src/fileassociations.h" />
    <ClInclude Include="src/filehighlighting.h" />
    <ClInclude Include="src/fileattributes.h" />
    <ClInclude Include="src/fileopers.h" />
    <ClInclude Include="src/filesearch.h" />
    <ClInclude Include="src/ftplogon.h" />
    <ClInclude Include="src/globals.h" />
    <ClInclude Include="src/help.h" />
    <ClInclude Include="src/libconf.h" />
    <ClInclude Include="src/libconf_win32.h" />
    <ClInclude Include="src/ltext.h" />
    <ClInclude Include="src/mfile.h" />
    <ClInclude Include="src/nc.h" />
    <ClInclude Include="src/ncdialogs.h" />
    <ClInclude Include="src/ncedit.h" />
    <ClInclude Include="src/ncfonts.h" />
    <ClInclude Include="src/nchistory.h" />
    <ClInclude Include="src/ncview.h" />
    <ClInclude Include="src/ncwin.h" />
    <ClInclude Include="src/operthread.h" />
    <ClInclude Include="src/operwin.h" />
    <ClInclude Include="src/panel-style.h" />
    <ClInclude Include="src/panel.h" />
    <ClInclude Include="src/panel_list.h" />
    <ClInclude Include="src/Resource.h" />
    <ClInclude Include="src/search-dlg.h" />
    <ClInclude Include="src/search-tools.h" />
    <ClInclude Include="src/sftpdlg.h" />
    <ClInclude Include="src/shell-tools.h" />
    <ClInclude Include="src/shell.h" />
    <ClInclude Include="src/shl.h" />
    <ClInclude Include="src/smblogon.h" />
    <ClInclude Include="src/stdafx.h" />
    <ClInclude Include="src/strconfig.h" />
    <ClInclude Include="src/string-util.h" />
    <ClInclude Include="src/swl\swl.h" />
    <ClInclude Include="src/swl\swl_internal.h" />
    <ClInclude Include="src/swl\swl_layout.h" />
    <ClInclude Include="src/swl\swl_winbase.h" />
    <ClInclude Include="src/swl\swl_wincore.h" />
    <ClInclude Include="src/swl\swl_wincore_internal.h" />
    <ClInclude Include="src/targetver.h" />
    <ClInclude Include="src/tcp_sock.h" />
    <ClInclude Include="src/terminal.h" />
    <ClInclude Include="src/termwin.h" />
    <ClInclude Include="src/toolbar.h" />
    <ClInclude Include="src/vfs/vfs-ftp.h" />
    <ClInclude Include="src/vfs/vfs-sftp.h" />
    <ClInclude Include="src/vfs/vfs-smb.h" />
    <ClInclude Include="src/vfs/vfs-uri.h" />
    <ClInclude Include="src/vfs/vfs.h" />
    <ClInclude Include="src/vfs/vfspath.h" />
    <ClInclude Include="src/vfs/vfs-tmp.h" />
    <ClInclude Include="src/w32cons.h" />
    <ClInclude Include="src/w32util.h" />
    <ClInclude Include="src/wal\wal.h" />
    <ClInclude Include="src/wal\wal_sys_api.h" />
    <ClInclude Include="src/wal\wal_tmpls.h" />
    <ClInclude Include="src/wcm-config.h" />
    <ClInclude Include="src/strmasks.h" />
    <ClInclude Include="src/usermenu.h" />
    <ClInclude Include="src\urlparser\LUrlParser.h" />
    <ClInclude Include="src\folder-history.h" />
    <ClInclude Include="src\view-history.h" />
    <ClInclude Include="src\folder-shortcuts.h" />
    <ClInclude Include="src\drive-dlg.h" />
    <ClInclude Include="src\file-util.h" />
    <ClInclude Include="src\path-list.h" />
    <ClInclude Include="src\nceditline.h" />
  </ItemGroup>
  <ItemGroup>
    <ResourceCompile Include="src/wcm.rc" />
  </ItemGroup>
</Project>
