<?xml version="1.0" encoding="utf-8"?>
<Project ToolsVersion="4.0" xmlns="http://schemas.microsoft.com/developer/msbuild/2003">
  <ItemGroup>
    <Filter Include="Source Files">
      <UniqueIdentifier>{4FC737F1-C7A5-4376-A066-2A32D752A2FF}</UniqueIdentifier>
      <Extensions>cpp;c;cc;cxx;def;odl;idl;hpj;bat;asm;asmx</Extensions>
    </Filter>
    <Filter Include="Header Files">
      <UniqueIdentifier>{93995380-89BD-4b04-88EB-625FBE52EBFB}</UniqueIdentifier>
      <Extensions>h;hpp;hxx;hm;inl;inc;xsd</Extensions>
    </Filter>
    <Filter Include="Resource Files">
      <UniqueIdentifier>{67DA6AB6-F800-4c08-8B7A-83BB121AAD01}</UniqueIdentifier>
      <Extensions>rc;ico;cur;bmp;dlg;rc2;rct;bin;rgs;gif;jpg;jpeg;jpe;resx;tiff;tif;png;wav</Extensions>
    </Filter>
  </ItemGroup>
  <ItemGroup>
    <ClCompile Include="charsetdlg.cpp">
      <Filter>Source Files</Filter>
    </ClCompile>
    <ClCompile Include="color-style.cpp">
      <Filter>Source Files</Filter>
    </ClCompile>
    <ClCompile Include="dircalc.cpp">
      <Filter>Source Files</Filter>
    </ClCompile>
    <ClCompile Include="eloadsave.cpp">
      <Filter>Source Files</Filter>
    </ClCompile>
    <ClCompile Include="ext-app.cpp">
      <Filter>Source Files</Filter>
    </ClCompile>
    <ClCompile Include="fileopers.cpp">
      <Filter>Source Files</Filter>
    </ClCompile>
    <ClCompile Include="filesearch.cpp">
      <Filter>Source Files</Filter>
    </ClCompile>
    <ClCompile Include="ftplogon.cpp">
      <Filter>Source Files</Filter>
    </ClCompile>
    <ClCompile Include="help.cpp">
      <Filter>Source Files</Filter>
    </ClCompile>
    <ClCompile Include="helpres.cpp">
      <Filter>Source Files</Filter>
    </ClCompile>
    <ClCompile Include="ltext.cpp">
      <Filter>Source Files</Filter>
    </ClCompile>
    <ClCompile Include="nc.cpp">
      <Filter>Source Files</Filter>
    </ClCompile>
    <ClCompile Include="ncdialogs.cpp">
      <Filter>Source Files</Filter>
    </ClCompile>
    <ClCompile Include="ncedit.cpp">
      <Filter>Source Files</Filter>
    </ClCompile>
    <ClCompile Include="ncfonts.cpp">
      <Filter>Source Files</Filter>
    </ClCompile>
    <ClCompile Include="nchistory.cpp">
      <Filter>Source Files</Filter>
    </ClCompile>
    <ClCompile Include="ncview.cpp">
      <Filter>Source Files</Filter>
    </ClCompile>
    <ClCompile Include="ncwin.cpp">
      <Filter>Source Files</Filter>
    </ClCompile>
    <ClCompile Include="operthread.cpp">
      <Filter>Source Files</Filter>
    </ClCompile>
    <ClCompile Include="operwin.cpp">
      <Filter>Source Files</Filter>
    </ClCompile>
    <ClCompile Include="panel-style.cpp">
      <Filter>Source Files</Filter>
    </ClCompile>
    <ClCompile Include="panel.cpp">
      <Filter>Source Files</Filter>
    </ClCompile>
    <ClCompile Include="panel_list.cpp">
      <Filter>Source Files</Filter>
    </ClCompile>
    <ClCompile Include="search-dlg.cpp">
      <Filter>Source Files</Filter>
    </ClCompile>
    <ClCompile Include="search-tools.cpp">
      <Filter>Source Files</Filter>
    </ClCompile>
    <ClCompile Include="sftpdlg.cpp">
      <Filter>Source Files</Filter>
    </ClCompile>
    <ClCompile Include="shell-tools.cpp">
      <Filter>Source Files</Filter>
    </ClCompile>
    <ClCompile Include="shl.cpp">
      <Filter>Source Files</Filter>
    </ClCompile>
    <ClCompile Include="shortcuts.cpp">
      <Filter>Source Files</Filter>
    </ClCompile>
    <ClCompile Include="smblogon.cpp">
      <Filter>Source Files</Filter>
    </ClCompile>
    <ClCompile Include="stdafx.cpp">
      <Filter>Source Files</Filter>
    </ClCompile>
    <ClCompile Include="strconfig.cpp">
      <Filter>Source Files</Filter>
    </ClCompile>
    <ClCompile Include="swl\swl_button.cpp">
      <Filter>Source Files</Filter>
    </ClCompile>
    <ClCompile Include="swl\swl_editline.cpp">
      <Filter>Source Files</Filter>
    </ClCompile>
    <ClCompile Include="swl\swl_layout.cpp">
      <Filter>Source Files</Filter>
    </ClCompile>
    <ClCompile Include="swl\swl_menubox.cpp">
      <Filter>Source Files</Filter>
    </ClCompile>
    <ClCompile Include="swl\swl_popupmenu.cpp">
      <Filter>Source Files</Filter>
    </ClCompile>
    <ClCompile Include="swl\swl_sbutton.cpp">
      <Filter>Source Files</Filter>
    </ClCompile>
    <ClCompile Include="swl\swl_scrollbar.cpp">
      <Filter>Source Files</Filter>
    </ClCompile>
    <ClCompile Include="swl\swl_textlist.cpp">
      <Filter>Source Files</Filter>
    </ClCompile>
    <ClCompile Include="swl\swl_vlist.cpp">
      <Filter>Source Files</Filter>
    </ClCompile>
    <ClCompile Include="swl\swl_winbase.cpp">
      <Filter>Source Files</Filter>
    </ClCompile>
    <ClCompile Include="swl\swl_wincore.cpp">
      <Filter>Source Files</Filter>
    </ClCompile>
    <ClCompile Include="swl\swl_wincoreMS.cpp">
      <Filter>Source Files</Filter>
    </ClCompile>
    <ClCompile Include="tcp_sock.cpp">
      <Filter>Source Files</Filter>
    </ClCompile>
    <ClCompile Include="termwin.cpp">
      <Filter>Source Files</Filter>
    </ClCompile>
    <ClCompile Include="toolbar.cpp">
      <Filter>Source Files</Filter>
    </ClCompile>
    <ClCompile Include="unicode_lc.cpp">
      <Filter>Source Files</Filter>
    </ClCompile>
    <ClCompile Include="vfs-ftp.cpp">
      <Filter>Source Files</Filter>
    </ClCompile>
    <ClCompile Include="vfs-sftp.cpp">
      <Filter>Source Files</Filter>
    </ClCompile>
    <ClCompile Include="vfs-sftp2.cpp">
      <Filter>Source Files</Filter>
    </ClCompile>
    <ClCompile Include="vfs-smb.cpp">
      <Filter>Source Files</Filter>
    </ClCompile>
    <ClCompile Include="vfs-uri.cpp">
      <Filter>Source Files</Filter>
    </ClCompile>
    <ClCompile Include="vfs.cpp">
      <Filter>Source Files</Filter>
    </ClCompile>
    <ClCompile Include="vfspath.cpp">
      <Filter>Source Files</Filter>
    </ClCompile>
    <ClCompile Include="w32cons.cpp">
      <Filter>Source Files</Filter>
    </ClCompile>
    <ClCompile Include="w32util.cpp">
      <Filter>Source Files</Filter>
    </ClCompile>
    <ClCompile Include="wal\wal.cpp">
      <Filter>Source Files</Filter>
    </ClCompile>
    <ClCompile Include="wal\wal_charset.cpp">
      <Filter>Source Files</Filter>
    </ClCompile>
    <ClCompile Include="wal\wal_exceptions.cpp">
      <Filter>Source Files</Filter>
    </ClCompile>
    <ClCompile Include="wal\wal_files.cpp">
      <Filter>Source Files</Filter>
    </ClCompile>
    <ClCompile Include="wal\wal_sys_api.cpp">
      <Filter>Source Files</Filter>
    </ClCompile>
    <ClCompile Include="wal\wal_tmpls.cpp">
      <Filter>Source Files</Filter>
    </ClCompile>
    <ClCompile Include="wcm-config.cpp">
      <Filter>Source Files</Filter>
    </ClCompile>
    <ClCompile Include="wal\IntrusivePtr.h">
      <Filter>Header Files</Filter>
    </ClCompile>
    <ClCompile Include="fileassociations.cpp">
      <Filter>Source Files</Filter>
    </ClCompile>
    <ClCompile Include="swl\swl_menutextinfo.cpp">
      <Filter>Source Files</Filter>
    </ClCompile>
    <ClCompile Include="swl\swl_staticlabel.cpp">
      <Filter>Source Files</Filter>
    </ClCompile>
  </ItemGroup>
  <ItemGroup>
    <ClInclude Include="charsetdlg.h">
      <Filter>Header Files</Filter>
    </ClInclude>
    <ClInclude Include="color-style.h">
      <Filter>Header Files</Filter>
    </ClInclude>
    <ClInclude Include="dircalc.h">
      <Filter>Header Files</Filter>
    </ClInclude>
    <ClInclude Include="eloadsave.h">
      <Filter>Header Files</Filter>
    </ClInclude>
    <ClInclude Include="ext-app.h">
      <Filter>Header Files</Filter>
    </ClInclude>
    <ClInclude Include="fileopers.h">
      <Filter>Header Files</Filter>
    </ClInclude>
    <ClInclude Include="filesearch.h">
      <Filter>Header Files</Filter>
    </ClInclude>
    <ClInclude Include="ftplogon.h">
      <Filter>Header Files</Filter>
    </ClInclude>
    <ClInclude Include="globals.h">
      <Filter>Header Files</Filter>
    </ClInclude>
    <ClInclude Include="help.h">
      <Filter>Header Files</Filter>
    </ClInclude>
    <ClInclude Include="libconf.h">
      <Filter>Header Files</Filter>
    </ClInclude>
    <ClInclude Include="libconf_win32.h">
      <Filter>Header Files</Filter>
    </ClInclude>
    <ClInclude Include="ltext.h">
      <Filter>Header Files</Filter>
    </ClInclude>
    <ClInclude Include="mfile.h">
      <Filter>Header Files</Filter>
    </ClInclude>
    <ClInclude Include="nc.h">
      <Filter>Header Files</Filter>
    </ClInclude>
    <ClInclude Include="ncdialogs.h">
      <Filter>Header Files</Filter>
    </ClInclude>
    <ClInclude Include="ncedit.h">
      <Filter>Header Files</Filter>
    </ClInclude>
    <ClInclude Include="ncfonts.h">
      <Filter>Header Files</Filter>
    </ClInclude>
    <ClInclude Include="nchistory.h">
      <Filter>Header Files</Filter>
    </ClInclude>
    <ClInclude Include="ncview.h">
      <Filter>Header Files</Filter>
    </ClInclude>
    <ClInclude Include="ncwin.h">
      <Filter>Header Files</Filter>
    </ClInclude>
    <ClInclude Include="operthread.h">
      <Filter>Header Files</Filter>
    </ClInclude>
    <ClInclude Include="operwin.h">
      <Filter>Header Files</Filter>
    </ClInclude>
    <ClInclude Include="panel-style.h">
      <Filter>Header Files</Filter>
    </ClInclude>
    <ClInclude Include="panel.h">
      <Filter>Header Files</Filter>
    </ClInclude>
    <ClInclude Include="panel_list.h">
      <Filter>Header Files</Filter>
    </ClInclude>
    <ClInclude Include="Resource.h">
      <Filter>Header Files</Filter>
    </ClInclude>
    <ClInclude Include="search-dlg.h">
      <Filter>Header Files</Filter>
    </ClInclude>
    <ClInclude Include="search-tools.h">
      <Filter>Header Files</Filter>
    </ClInclude>
    <ClInclude Include="sftpdlg.h">
      <Filter>Header Files</Filter>
    </ClInclude>
    <ClInclude Include="shell-tools.h">
      <Filter>Header Files</Filter>
    </ClInclude>
    <ClInclude Include="shell.h">
      <Filter>Header Files</Filter>
    </ClInclude>
    <ClInclude Include="shl.h">
      <Filter>Header Files</Filter>
    </ClInclude>
    <ClInclude Include="shortcuts.h">
      <Filter>Header Files</Filter>
    </ClInclude>
    <ClInclude Include="smblogon.h">
      <Filter>Header Files</Filter>
    </ClInclude>
    <ClInclude Include="stdafx.h">
      <Filter>Header Files</Filter>
    </ClInclude>
    <ClInclude Include="strconfig.h">
      <Filter>Header Files</Filter>
    </ClInclude>
    <ClInclude Include="string-util.h">
      <Filter>Header Files</Filter>
    </ClInclude>
    <ClInclude Include="swl\swl.h">
      <Filter>Header Files</Filter>
    </ClInclude>
    <ClInclude Include="swl\swl_internal.h">
      <Filter>Header Files</Filter>
    </ClInclude>
    <ClInclude Include="swl\swl_layout.h">
      <Filter>Header Files</Filter>
    </ClInclude>
    <ClInclude Include="swl\swl_winbase.h">
      <Filter>Header Files</Filter>
    </ClInclude>
    <ClInclude Include="swl\swl_wincore.h">
      <Filter>Header Files</Filter>
    </ClInclude>
    <ClInclude Include="swl\swl_wincore_internal.h">
      <Filter>Header Files</Filter>
    </ClInclude>
    <ClInclude Include="targetver.h">
      <Filter>Header Files</Filter>
    </ClInclude>
    <ClInclude Include="tcp_sock.h">
      <Filter>Header Files</Filter>
    </ClInclude>
    <ClInclude Include="terminal.h">
      <Filter>Header Files</Filter>
    </ClInclude>
    <ClInclude Include="termwin.h">
      <Filter>Header Files</Filter>
    </ClInclude>
    <ClInclude Include="toolbar.h">
      <Filter>Header Files</Filter>
    </ClInclude>
    <ClInclude Include="vfs-ftp.h">
      <Filter>Header Files</Filter>
    </ClInclude>
    <ClInclude Include="vfs-sftp.h">
      <Filter>Header Files</Filter>
    </ClInclude>
    <ClInclude Include="vfs-smb.h">
      <Filter>Header Files</Filter>
    </ClInclude>
    <ClInclude Include="vfs-uri.h">
      <Filter>Header Files</Filter>
    </ClInclude>
    <ClInclude Include="vfs.h">
      <Filter>Header Files</Filter>
    </ClInclude>
    <ClInclude Include="vfspath.h">
      <Filter>Header Files</Filter>
    </ClInclude>
    <ClInclude Include="w32cons.h">
      <Filter>Header Files</Filter>
    </ClInclude>
    <ClInclude Include="w32util.h">
      <Filter>Header Files</Filter>
    </ClInclude>
    <ClInclude Include="wal\wal.h">
      <Filter>Header Files</Filter>
    </ClInclude>
    <ClInclude Include="wal\wal_sys_api.h">
      <Filter>Header Files</Filter>
    </ClInclude>
    <ClInclude Include="wal\wal_tmpls.h">
      <Filter>Header Files</Filter>
    </ClInclude>
    <ClInclude Include="wcm-config.h">
      <Filter>Header Files</Filter>
    </ClInclude>
  </ItemGroup>
  <ItemGroup>
    <None Include="icon1.ico">
      <Filter>Resource Files</Filter>
    </None>
    <None Include="small.ico">
      <Filter>Resource Files</Filter>
    </None>
    <None Include="wcm.ico">
      <Filter>Resource Files</Filter>
    </None>
    <None Include="ReadMe.txt" />
  </ItemGroup>
  <ItemGroup>
    <ResourceCompile Include="wcm.rc">
      <Filter>Resource Files</Filter>
    </ResourceCompile>
  </ItemGroup>
</Project>